{
  "name": "ailoy-example-cad",
  "version": "0.1.0",
  "lockfileVersion": 3,
  "requires": true,
  "packages": {
    "": {
      "name": "ailoy-example-cad",
      "version": "0.1.0",
      "dependencies": {
        "ailoy-node": "file:../../../bindings/node"
      },
      "engines": {
        "node": ">= 20.12"
      }
    },
    "../../../bindings/node": {
      "name": "ailoy-node",
      "version": "0.3.0",
      "license": "Apache-2.0",
      "devDependencies": {
        "@napi-rs/cli": "^3.10.5"
      },
      "engines": {
        "node": ">= 18"
      }
    },
    "node_modules/ailoy-node": {
      "resolved": "../../../bindings/node",
      "link": true
    }
  }
}
