version = 1
revision = 2
requires-python = ">=3.10"

[[package]]
name = "ailoy-mcp-examples"
version = "0.1.0"
source = { virtual = "." }
dependencies = [
    { name = "ailoy-py" },
    { name = "aioconsole" },
]

[package.metadata]
requires-dist = [
    { name = "ailoy-py", specifier = ">=0.2.0" },
    { name = "aioconsole", specifier = ">=0.8.2" },
]

[[package]]
name = "ailoy-py"
version = "0.2.0"
source = { registry = "https://pypi.org/simple" }
wheels = [
    { url = "https://files.pythonhosted.org/packages/68/cd/c1a0561688338a457be384e260bf0c1a61f85d344a6c03dc24ac35db7307/ailoy_py-0.2.0-cp310-cp310-macosx_15_0_arm64.whl", hash = "sha256:86da9f89ff49a2cd3c15deafeefa79e48db7a2f4233cbeddea0749088a270814", size = 10652624, upload-time = "2025-11-10T08:18:10.069Z" },
    { url = "https://files.pythonhosted.org/packages/52/94/ad4bba4acac87d2c58b2f362030d778e40d6500a2efc2298301bd57d7a3f/ailoy_py-0.2.0-cp310-cp310-manylinux_2_28_x86_64.whl", hash = "sha256:f2d33a80c17c744a9bb73f535bb8bda0cd45e015e8b6adc0e8318d0a8185031d", size = 15092315, upload-time = "2025-11-10T08:18:12.899Z" },
    { url = "https://files.pythonhosted.org/packages/10/06/dcb679d6f4811114cb68c0df67078e972ca483ec3dc142bb4c9930376727/ailoy_py-0.2.0-cp310-cp310-win_amd64.whl", hash = "sha256:eec56b22fa9052fc72a35dc84c306e826f656563c7d5be322cd048b3c3b305a8", size = 16642789, upload-time = "2025-11-10T08:18:15.716Z" },
    { url = "https://files.pythonhosted.org/packages/d5/49/fe2b4b53378e1f2e1fa98aed62b52aa5c9cf26e0f71672fefd14627f7ffa/ailoy_py-0.2.0-cp311-cp311-macosx_15_0_arm64.whl", hash = "sha256:919b7a6a679ff93277ea292ca56b1223be04792ffe0ef465d910d2127ff20933", size = 10653740, upload-time = "2025-11-10T08:18:18.064Z" },
    { url = "https://files.pythonhosted.org/packages/7a/e0/8539f8bd5b1f94f6fd8531971da48e7313d39275bf9ec199b21c972a5762/ailoy_py-0.2.0-cp311-cp311-manylinux_2_28_x86_64.whl", hash = "sha256:430cf8bceff229f48c47e2f5b66268069342d95d68954e584fa45f21b5c742b1", size = 15091681, upload-time = "2025-11-10T08:18:20.46Z" },
    { url = "https://files.pythonhosted.org/packages/ca/c4/36a096de5abf2b1957e6b286949a2351c189c0c81f5f3b184e4c01886ebd/ailoy_py-0.2.0-cp311-cp311-win_amd64.whl", hash = "sha256:4e57bbd22dec9d9092fca3e7b2a76b0db045388c15bb67159512acc12e4856d2", size = 16642927, upload-time = "2025-11-10T08:18:23.36Z" },
    { url = "https://files.pythonhosted.org/packages/c9/53/38b73c9465c05825576404333b1b168a9b7d405ac91db9cb664c0181cb63/ailoy_py-0.2.0-cp312-cp312-macosx_15_0_arm64.whl", hash = "sha256:e26f214d5a2becc2f952d2b64846613adda02a6b489b1b19a7f8ffa61cceaa9d", size = 10672148, upload-time = "2025-11-10T08:18:26.132Z" },
    { url = "https://files.pythonhosted.org/packages/fa/b9/ff3e02022bcfbca296f6627e81a21a73523ace9883712f3dd330afce959b/ailoy_py-0.2.0-cp312-cp312-manylinux_2_28_x86_64.whl", hash = "sha256:c9762e390b8a804df9b5c67365d34f23cf4da8bb1b469a038e8d63d48cc99d58", size = 15075126, upload-time = "2025-11-10T08:18:28.706Z" },
    { url = "https://files.pythonhosted.org/packages/ac/4a/ce836647fbfbdef159df3494c01b5b15dec25b175e1a9bfb140feafb57da/ailoy_py-0.2.0-cp312-cp312-win_amd64.whl", hash = "sha256:6e4e9083355c6fbe91d0e26132a0e7ec1a6c30b6915233da67a9c869d8634ead", size = 16637513, upload-time = "2025-11-10T08:18:31.539Z" },
    { url = "https://files.pythonhosted.org/packages/aa/d1/7c2e22b1d95190112f7cf2d3ea9ad0a9ff8618d6abf72ac172ed85c5916a/ailoy_py-0.2.0-cp313-cp313-macosx_15_0_arm64.whl", hash = "sha256:a8e16f394c6d887184fb2a5f0df30167d8d21bbcc455167b8dbeaa34e5c54eb8", size = 10673188, upload-time = "2025-11-10T08:18:34.279Z" },
    { url = "https://files.pythonhosted.org/packages/87/91/225f7a6a7d04fee6f5f2803df9521079ca2a2f57fbfb08ec9e8a614047b1/ailoy_py-0.2.0-cp313-cp313-manylinux_2_28_x86_64.whl", hash = "sha256:f4307b1ca02f93a24fa06aff5f8e0fc06af482e76868bb795e9e1edd6547b16c", size = 15074766, upload-time = "2025-11-10T08:18:37.227Z" },
    { url = "https://files.pythonhosted.org/packages/02/c7/9323cb4720241f35fd11f99d55448af7e3d27dff0a811df323725b76ae4f/ailoy_py-0.2.0-cp313-cp313-win_amd64.whl", hash = "sha256:87e70c6566bc21daed8857ef6a5ed60d1a942cc13f98985cdb6e68220aa84dc9", size = 16637150, upload-time = "2025-11-10T08:18:40.223Z" },
    { url = "https://files.pythonhosted.org/packages/78/c5/72d38e863a70ca6863de065f3a0e8b2d5bc65794e933a0dc9439346263ce/ailoy_py-0.2.0-cp314-cp314-macosx_15_0_arm64.whl", hash = "sha256:aeac0e281e8c9889d5e16c0e291a4940f103841a38b6a622bc6b5a7fba35efb1", size = 10667261, upload-time = "2025-11-10T08:18:43.262Z" },
    { url = "https://files.pythonhosted.org/packages/eb/1a/1e266c984a58945eef144afc4f4cfbc794355fc454fb80f4b3fd113355ab/ailoy_py-0.2.0-cp314-cp314-manylinux_2_28_x86_64.whl", hash = "sha256:edcb58dbdacf5e2fa95238b10b2f4a0c22855a98c9952c8dd8e8d7aaffedc151", size = 15077190, upload-time = "2025-11-10T08:18:45.948Z" },
    { url = "https://files.pythonhosted.org/packages/62/24/7225856ea1e80651cb4095f975098b8aa95fbbbf263727756c1ea948b309/ailoy_py-0.2.0-cp314-cp314-win_amd64.whl", hash = "sha256:722372181033cb8f9ed7bdb873a2008b718cd11d48d9f3c843edc1f84f04c13a", size = 17193616, upload-time = "2025-11-10T08:18:48.593Z" },
]

[[package]]
name = "aioconsole"
version = "0.8.2"
source = { registry = "https://pypi.org/simple" }
sdist = { url = "https://files.pythonhosted.org/packages/76/4a/71f535c85991e18e1626429a283d4fc6720053f38211affa888809089ded/aioconsole-0.8.2.tar.gz", hash = "sha256:25cb5530f58f7ab431e9af84fbb5417178287b6c3300d5b1185e3b129a227cef", size = 37712, upload-time = "2025-10-14T05:44:33.245Z" }
wheels = [
    { url = "https://files.pythonhosted.org/packages/03/10/04ef3313a07e9152a84ce197aa11586376478c167322141e9c79eaedc25b/aioconsole-0.8.2-py3-none-any.whl", hash = "sha256:00f3fabd6de5df2fad635e1e6a13ebe5bb2456b83b31e881ae41bc5862fd6a68", size = 31510, upload-time = "2025-10-14T05:44:32.161Z" },
]
