version = 1
revision = 2
requires-python = ">=3.10"

[[package]]
name = "ailoy-mcp-examples"
version = "0.1.0"
source = { virtual = "." }
dependencies = [
    { name = "ailoy-py" },
    { name = "aioconsole" },
]

[package.metadata]
requires-dist = [
    { name = "ailoy-py", specifier = ">=0.2.0" },
    { name = "aioconsole", specifier = ">=0.8.2" },
]

[[package]]
name = "ailoy-py"
version = "0.2.2"
source = { registry = "https://pypi.org/simple" }
wheels = [
    { url = "https://files.pythonhosted.org/packages/df/49/68df1b97e94b4c835aa2644e5f4276d05e39b96f671f016e74c78c31e68c/ailoy_py-0.2.2-cp310-abi3-macosx_15_0_arm64.whl", hash = "sha256:0abb501e31c76e561b516058df97fa0aefa0383592447b23493afede9427c672", size = 12165583, upload-time = "2025-12-02T07:04:25.885Z" },
    { url = "https://files.pythonhosted.org/packages/29/bb/9c786a6ad9016ae256652f6ab17258404636cff28a06039ae76938da92d0/ailoy_py-0.2.2-cp310-abi3-manylinux_2_28_x86_64.whl", hash = "sha256:84d67767d5c20dc6afdd733fdb974dc1d11a8754cbc288716b16ccfb28b70117", size = 17049298, upload-time = "2025-12-02T07:07:52.477Z" },
    { url = "https://files.pythonhosted.org/packages/02/a8/2768bde8a10971e5ba8c10460a31efc5a60ee685c24024d0fd9ce63f6647/ailoy_py-0.2.2-cp310-abi3-win_amd64.whl", hash = "sha256:d9c92d043990a61f4d337f61b679ffaa3e78e140ad643c0c91bf799b6678d68b", size = 17918607, upload-time = "2025-12-02T07:18:02.377Z" },
]

[[package]]
name = "aioconsole"
version = "0.8.2"
source = { registry = "https://pypi.org/simple" }
sdist = { url = "https://files.pythonhosted.org/packages/76/4a/71f535c85991e18e1626429a283d4fc6720053f38211affa888809089ded/aioconsole-0.8.2.tar.gz", hash = "sha256:25cb5530f58f7ab431e9af84fbb5417178287b6c3300d5b1185e3b129a227cef", size = 37712, upload-time = "2025-10-14T05:44:33.245Z" }
wheels = [
    { url = "https://files.pythonhosted.org/packages/03/10/04ef3313a07e9152a84ce197aa11586376478c167322141e9c79eaedc25b/aioconsole-0.8.2-py3-none-any.whl", hash = "sha256:00f3fabd6de5df2fad635e1e6a13ebe5bb2456b83b31e881ae41bc5862fd6a68", size = 31510, upload-time = "2025-10-14T05:44:32.161Z" },
]
