version = 1
revision = 2
requires-python = ">=3.10"

[[package]]
name = "ailoy-mcp-examples"
version = "0.1.0"
source = { virtual = "." }
dependencies = [
    { name = "ailoy-py" },
    { name = "aioconsole" },
]

[package.metadata]
requires-dist = [
    { name = "ailoy-py", specifier = ">=0.2.0" },
    { name = "aioconsole", specifier = ">=0.8.2" },
]

[[package]]
name = "ailoy-py"
version = "0.2.4"
source = { registry = "https://pypi.org/simple" }
wheels = [
    { url = "https://files.pythonhosted.org/packages/47/a0/e8e5d6f4bfb00b7fd1efbab4e119ca94887539a208e98b33fc09c623c37a/ailoy_py-0.2.4-cp310-abi3-macosx_15_0_arm64.whl", hash = "sha256:7ba071f098a22a6267a7330a9aaac59ad4ab5df290d920b93649f68e12910d46", size = 12963753, upload-time = "2026-01-06T12:14:38.077Z" },
]

[[package]]
name = "aioconsole"
version = "0.8.2"
source = { registry = "https://pypi.org/simple" }
sdist = { url = "https://files.pythonhosted.org/packages/76/4a/71f535c85991e18e1626429a283d4fc6720053f38211affa888809089ded/aioconsole-0.8.2.tar.gz", hash = "sha256:25cb5530f58f7ab431e9af84fbb5417178287b6c3300d5b1185e3b129a227cef", size = 37712, upload-time = "2025-10-14T05:44:33.245Z" }
wheels = [
    { url = "https://files.pythonhosted.org/packages/03/10/04ef3313a07e9152a84ce197aa11586376478c167322141e9c79eaedc25b/aioconsole-0.8.2-py3-none-any.whl", hash = "sha256:00f3fabd6de5df2fad635e1e6a13ebe5bb2456b83b31e881ae41bc5862fd6a68", size = 31510, upload-time = "2025-10-14T05:44:32.161Z" },
]
