{
  "name": "ailoy-example-laya",
  "version": "0.1.0",
  "lockfileVersion": 3,
  "requires": true,
  "packages": {
    "": {
      "name": "ailoy-example-laya",
      "version": "0.1.0",
      "dependencies": {
        "@brekkylab/ailoy": "file:../../../bindings/node",
        "@brekkylab/virtx": "file:../../../../virtx/bindings/node"
      },
      "engines": {
        "node": ">= 20.12"
      }
    },
    "../../../../virtx/bindings/node": {
      "name": "@brekkylab/virtx",
      "version": "0.1.1",
      "license": "Apache-2.0",
      "devDependencies": {
        "@napi-rs/cli": "^3.10.5"
      },
      "engines": {
        "node": ">= 18"
      }
    },
    "../../../bindings/node": {
      "name": "@brekkylab/ailoy",
      "version": "0.3.0",
      "license": "Apache-2.0",
      "dependencies": {
        "@brekkylab/virtx": "file:../../../virtx/bindings/node"
      },
      "devDependencies": {
        "@napi-rs/cli": "^3.10.5"
      },
      "engines": {
        "node": ">= 18"
      }
    },
    "node_modules/@brekkylab/ailoy": {
      "resolved": "../../../bindings/node",
      "link": true
    },
    "node_modules/@brekkylab/virtx": {
      "resolved": "../../../../virtx/bindings/node",
      "link": true
    }
  }
}
