version = 1
revision = 2
requires-python = ">=3.10"

[[package]]
name = "ailoy-example-hello"
version = "0.1.0"
source = { virtual = "." }
dependencies = [
    { name = "ailoy-py" },
    { name = "python-dotenv" },
]

[package.metadata]
requires-dist = [
    { name = "ailoy-py", editable = "../../" },
    { name = "python-dotenv", specifier = ">=1" },
]

[[package]]
name = "ailoy-py"
source = { editable = "../../" }
dependencies = [
    { name = "typing-extensions", marker = "python_full_version < '3.11'" },
]

[package.metadata]
requires-dist = [{ name = "typing-extensions", marker = "python_full_version < '3.11'", specifier = ">=4" }]

[package.metadata.requires-dev]
dev = [
    { name = "maturin", specifier = ">=1.9,<2" },
    { name = "pytest", specifier = ">=8" },
    { name = "pytest-asyncio", specifier = ">=1" },
]

[[package]]
name = "python-dotenv"
version = "1.2.3"
source = { registry = "https://pypi.org/simple" }
sdist = { url = "https://files.pythonhosted.org/packages/6a/53/ed9d74092561d4b01a2ef1349d52cdbc135e526c245f366b089cfca6de49/python_dotenv-1.2.3.tar.gz", hash = "sha256:a20a594dabeaa385725aa239d5244871c143ecb356add8a20fcf23773a6c3a35", size = 58945, upload-time = "2026-08-16T16:54:54.067Z" }
wheels = [
    { url = "https://files.pythonhosted.org/packages/0d/17/c5c6b53ddc18f297992099b3d9ec16c855c0ccc83263a21fe4d1c625ec6c/python_dotenv-1.2.3-py3-none-any.whl", hash = "sha256:904552145e8bfed22162c09dab1c2b9b54fefa7b23ba780f4f26ca0316b0f0d9", size = 22780, upload-time = "2026-08-16T16:54:52.473Z" },
]

[[package]]
name = "typing-extensions"
version = "4.16.0"
source = { registry = "https://pypi.org/simple" }
sdist = { url = "https://files.pythonhosted.org/packages/f6/cc/6253133b5bb138fc3306cebfbda2c520f545d36b5be2c7255cc528bb45d6/typing_extensions-4.16.0.tar.gz", hash = "sha256:dc983d19a509c94dba722ee6abd33940f7c05a89e243c47e907eb4db6f1a43e5", size = 113555, upload-time = "2026-07-02T08:40:05.92Z" }
wheels = [
    { url = "https://files.pythonhosted.org/packages/49/d3/b8441a820a491ddfc024b0b0cf0393375b75ea13866d9c66727e54c2fc80/typing_extensions-4.16.0-py3-none-any.whl", hash = "sha256:481caa481374e813c1b176ada14e97f1f67a4539ce9cfeb3f350d78d6370c2e8", size = 45571, upload-time = "2026-07-02T08:40:04.659Z" },
]
