version = 1
revision = 2
requires-python = ">=3.10"
resolution-markers = [
    "python_full_version >= '3.11'",
    "python_full_version < '3.11'",
]

[[package]]
name = "ailoy-py"
version = "0.2.0"
source = { registry = "https://pypi.org/simple" }
wheels = [
    { url = "https://files.pythonhosted.org/packages/68/cd/c1a0561688338a457be384e260bf0c1a61f85d344a6c03dc24ac35db7307/ailoy_py-0.2.0-cp310-cp310-macosx_15_0_arm64.whl", hash = "sha256:86da9f89ff49a2cd3c15deafeefa79e48db7a2f4233cbeddea0749088a270814", size = 10652624, upload-time = "2025-11-10T08:18:10.069Z" },
    { url = "https://files.pythonhosted.org/packages/52/94/ad4bba4acac87d2c58b2f362030d778e40d6500a2efc2298301bd57d7a3f/ailoy_py-0.2.0-cp310-cp310-manylinux_2_28_x86_64.whl", hash = "sha256:f2d33a80c17c744a9bb73f535bb8bda0cd45e015e8b6adc0e8318d0a8185031d", size = 15092315, upload-time = "2025-11-10T08:18:12.899Z" },
    { url = "https://files.pythonhosted.org/packages/10/06/dcb679d6f4811114cb68c0df67078e972ca483ec3dc142bb4c9930376727/ailoy_py-0.2.0-cp310-cp310-win_amd64.whl", hash = "sha256:eec56b22fa9052fc72a35dc84c306e826f656563c7d5be322cd048b3c3b305a8", size = 16642789, upload-time = "2025-11-10T08:18:15.716Z" },
    { url = "https://files.pythonhosted.org/packages/d5/49/fe2b4b53378e1f2e1fa98aed62b52aa5c9cf26e0f71672fefd14627f7ffa/ailoy_py-0.2.0-cp311-cp311-macosx_15_0_arm64.whl", hash = "sha256:919b7a6a679ff93277ea292ca56b1223be04792ffe0ef465d910d2127ff20933", size = 10653740, upload-time = "2025-11-10T08:18:18.064Z" },
    { url = "https://files.pythonhosted.org/packages/7a/e0/8539f8bd5b1f94f6fd8531971da48e7313d39275bf9ec199b21c972a5762/ailoy_py-0.2.0-cp311-cp311-manylinux_2_28_x86_64.whl", hash = "sha256:430cf8bceff229f48c47e2f5b66268069342d95d68954e584fa45f21b5c742b1", size = 15091681, upload-time = "2025-11-10T08:18:20.46Z" },
    { url = "https://files.pythonhosted.org/packages/ca/c4/36a096de5abf2b1957e6b286949a2351c189c0c81f5f3b184e4c01886ebd/ailoy_py-0.2.0-cp311-cp311-win_amd64.whl", hash = "sha256:4e57bbd22dec9d9092fca3e7b2a76b0db045388c15bb67159512acc12e4856d2", size = 16642927, upload-time = "2025-11-10T08:18:23.36Z" },
    { url = "https://files.pythonhosted.org/packages/c9/53/38b73c9465c05825576404333b1b168a9b7d405ac91db9cb664c0181cb63/ailoy_py-0.2.0-cp312-cp312-macosx_15_0_arm64.whl", hash = "sha256:e26f214d5a2becc2f952d2b64846613adda02a6b489b1b19a7f8ffa61cceaa9d", size = 10672148, upload-time = "2025-11-10T08:18:26.132Z" },
    { url = "https://files.pythonhosted.org/packages/fa/b9/ff3e02022bcfbca296f6627e81a21a73523ace9883712f3dd330afce959b/ailoy_py-0.2.0-cp312-cp312-manylinux_2_28_x86_64.whl", hash = "sha256:c9762e390b8a804df9b5c67365d34f23cf4da8bb1b469a038e8d63d48cc99d58", size = 15075126, upload-time = "2025-11-10T08:18:28.706Z" },
    { url = "https://files.pythonhosted.org/packages/ac/4a/ce836647fbfbdef159df3494c01b5b15dec25b175e1a9bfb140feafb57da/ailoy_py-0.2.0-cp312-cp312-win_amd64.whl", hash = "sha256:6e4e9083355c6fbe91d0e26132a0e7ec1a6c30b6915233da67a9c869d8634ead", size = 16637513, upload-time = "2025-11-10T08:18:31.539Z" },
    { url = "https://files.pythonhosted.org/packages/aa/d1/7c2e22b1d95190112f7cf2d3ea9ad0a9ff8618d6abf72ac172ed85c5916a/ailoy_py-0.2.0-cp313-cp313-macosx_15_0_arm64.whl", hash = "sha256:a8e16f394c6d887184fb2a5f0df30167d8d21bbcc455167b8dbeaa34e5c54eb8", size = 10673188, upload-time = "2025-11-10T08:18:34.279Z" },
    { url = "https://files.pythonhosted.org/packages/87/91/225f7a6a7d04fee6f5f2803df9521079ca2a2f57fbfb08ec9e8a614047b1/ailoy_py-0.2.0-cp313-cp313-manylinux_2_28_x86_64.whl", hash = "sha256:f4307b1ca02f93a24fa06aff5f8e0fc06af482e76868bb795e9e1edd6547b16c", size = 15074766, upload-time = "2025-11-10T08:18:37.227Z" },
    { url = "https://files.pythonhosted.org/packages/02/c7/9323cb4720241f35fd11f99d55448af7e3d27dff0a811df323725b76ae4f/ailoy_py-0.2.0-cp313-cp313-win_amd64.whl", hash = "sha256:87e70c6566bc21daed8857ef6a5ed60d1a942cc13f98985cdb6e68220aa84dc9", size = 16637150, upload-time = "2025-11-10T08:18:40.223Z" },
    { url = "https://files.pythonhosted.org/packages/78/c5/72d38e863a70ca6863de065f3a0e8b2d5bc65794e933a0dc9439346263ce/ailoy_py-0.2.0-cp314-cp314-macosx_15_0_arm64.whl", hash = "sha256:aeac0e281e8c9889d5e16c0e291a4940f103841a38b6a622bc6b5a7fba35efb1", size = 10667261, upload-time = "2025-11-10T08:18:43.262Z" },
    { url = "https://files.pythonhosted.org/packages/eb/1a/1e266c984a58945eef144afc4f4cfbc794355fc454fb80f4b3fd113355ab/ailoy_py-0.2.0-cp314-cp314-manylinux_2_28_x86_64.whl", hash = "sha256:edcb58dbdacf5e2fa95238b10b2f4a0c22855a98c9952c8dd8e8d7aaffedc151", size = 15077190, upload-time = "2025-11-10T08:18:45.948Z" },
    { url = "https://files.pythonhosted.org/packages/62/24/7225856ea1e80651cb4095f975098b8aa95fbbbf263727756c1ea948b309/ailoy_py-0.2.0-cp314-cp314-win_amd64.whl", hash = "sha256:722372181033cb8f9ed7bdb873a2008b718cd11d48d9f3c843edc1f84f04c13a", size = 17193616, upload-time = "2025-11-10T08:18:48.593Z" },
]

[[package]]
name = "markdown-it-py"
version = "4.0.0"
source = { registry = "https://pypi.org/simple" }
dependencies = [
    { name = "mdurl" },
]
sdist = { url = "https://files.pythonhosted.org/packages/5b/f5/4ec618ed16cc4f8fb3b701563655a69816155e79e24a17b651541804721d/markdown_it_py-4.0.0.tar.gz", hash = "sha256:cb0a2b4aa34f932c007117b194e945bd74e0ec24133ceb5bac59009cda1cb9f3", size = 73070, upload-time = "2025-08-11T12:57:52.854Z" }
wheels = [
    { url = "https://files.pythonhosted.org/packages/94/54/e7d793b573f298e1c9013b8c4dade17d481164aa517d1d7148619c2cedbf/markdown_it_py-4.0.0-py3-none-any.whl", hash = "sha256:87327c59b172c5011896038353a81343b6754500a08cd7a4973bb48c6d578147", size = 87321, upload-time = "2025-08-11T12:57:51.923Z" },
]

[[package]]
name = "mdurl"
version = "0.1.2"
source = { registry = "https://pypi.org/simple" }
sdist = { url = "https://files.pythonhosted.org/packages/d6/54/cfe61301667036ec958cb99bd3efefba235e65cdeb9c84d24a8293ba1d90/mdurl-0.1.2.tar.gz", hash = "sha256:bb413d29f5eea38f31dd4754dd7377d4465116fb207585f97bf925588687c1ba", size = 8729, upload-time = "2022-08-14T12:40:10.846Z" }
wheels = [
    { url = "https://files.pythonhosted.org/packages/b3/38/89ba8ad64ae25be8de66a6d463314cf1eb366222074cfda9ee839c56a4b4/mdurl-0.1.2-py3-none-any.whl", hash = "sha256:84008a41e51615a49fc9966191ff91509e3c40b939176e643fd50a5c2196b8f8", size = 9979, upload-time = "2022-08-14T12:40:09.779Z" },
]

[[package]]
name = "pygments"
version = "2.19.2"
source = { registry = "https://pypi.org/simple" }
sdist = { url = "https://files.pythonhosted.org/packages/b0/77/a5b8c569bf593b0140bde72ea885a803b82086995367bf2037de0159d924/pygments-2.19.2.tar.gz", hash = "sha256:636cb2477cec7f8952536970bc533bc43743542f70392ae026374600add5b887", size = 4968631, upload-time = "2025-06-21T13:39:12.283Z" }
wheels = [
    { url = "https://files.pythonhosted.org/packages/c7/21/705964c7812476f378728bdf590ca4b771ec72385c533964653c68e86bdc/pygments-2.19.2-py3-none-any.whl", hash = "sha256:86540386c03d588bb81d44bc3928634ff26449851e99741617ecb9037ee5ec0b", size = 1225217, upload-time = "2025-06-21T13:39:07.939Z" },
]

[[package]]
name = "rich"
version = "14.1.0"
source = { registry = "https://pypi.org/simple" }
dependencies = [
    { name = "markdown-it-py" },
    { name = "pygments" },
]
sdist = { url = "https://files.pythonhosted.org/packages/fe/75/af448d8e52bf1d8fa6a9d089ca6c07ff4453d86c65c145d0a300bb073b9b/rich-14.1.0.tar.gz", hash = "sha256:e497a48b844b0320d45007cdebfeaeed8db2a4f4bcf49f15e455cfc4af11eaa8", size = 224441, upload-time = "2025-07-25T07:32:58.125Z" }
wheels = [
    { url = "https://files.pythonhosted.org/packages/e3/30/3c4d035596d3cf444529e0b2953ad0466f6049528a879d27534700580395/rich-14.1.0-py3-none-any.whl", hash = "sha256:536f5f1785986d6dbdea3c75205c473f970777b4a0d6c6dd1b696aa05a3fa04f", size = 243368, upload-time = "2025-07-25T07:32:56.73Z" },
]

[[package]]
name = "roguewrite"
version = "0.1.0"
source = { virtual = "." }
dependencies = [
    { name = "ailoy-py" },
    { name = "rich" },
]

[package.dev-dependencies]
dev = [
    { name = "ruff" },
]

[package.metadata]
requires-dist = [
    { name = "ailoy-py", specifier = ">=0.2.0" },
    { name = "rich", specifier = ">=14.0.0" },
]

[package.metadata.requires-dev]
dev = [{ name = "ruff", specifier = ">=0.11.8" }]

[[package]]
name = "ruff"
version = "0.12.8"
source = { registry = "https://pypi.org/simple" }
sdist = { url = "https://files.pythonhosted.org/packages/4b/da/5bd7565be729e86e1442dad2c9a364ceeff82227c2dece7c29697a9795eb/ruff-0.12.8.tar.gz", hash = "sha256:4cb3a45525176e1009b2b64126acf5f9444ea59066262791febf55e40493a033", size = 5242373, upload-time = "2025-08-07T19:05:47.268Z" }
wheels = [
    { url = "https://files.pythonhosted.org/packages/c9/1e/c843bfa8ad1114fab3eb2b78235dda76acd66384c663a4e0415ecc13aa1e/ruff-0.12.8-py3-none-linux_armv6l.whl", hash = "sha256:63cb5a5e933fc913e5823a0dfdc3c99add73f52d139d6cd5cc8639d0e0465513", size = 11675315, upload-time = "2025-08-07T19:05:06.15Z" },
    { url = "https://files.pythonhosted.org/packages/24/ee/af6e5c2a8ca3a81676d5480a1025494fd104b8896266502bb4de2a0e8388/ruff-0.12.8-py3-none-macosx_10_12_x86_64.whl", hash = "sha256:9a9bbe28f9f551accf84a24c366c1aa8774d6748438b47174f8e8565ab9dedbc", size = 12456653, upload-time = "2025-08-07T19:05:09.759Z" },
    { url = "https://files.pythonhosted.org/packages/99/9d/e91f84dfe3866fa648c10512904991ecc326fd0b66578b324ee6ecb8f725/ruff-0.12.8-py3-none-macosx_11_0_arm64.whl", hash = "sha256:2fae54e752a3150f7ee0e09bce2e133caf10ce9d971510a9b925392dc98d2fec", size = 11659690, upload-time = "2025-08-07T19:05:12.551Z" },
    { url = "https://files.pythonhosted.org/packages/fe/ac/a363d25ec53040408ebdd4efcee929d48547665858ede0505d1d8041b2e5/ruff-0.12.8-py3-none-manylinux_2_17_aarch64.manylinux2014_aarch64.whl", hash = "sha256:c0acbcf01206df963d9331b5838fb31f3b44fa979ee7fa368b9b9057d89f4a53", size = 11896923, upload-time = "2025-08-07T19:05:14.821Z" },
    { url = "https://files.pythonhosted.org/packages/58/9f/ea356cd87c395f6ade9bb81365bd909ff60860975ca1bc39f0e59de3da37/ruff-0.12.8-py3-none-manylinux_2_17_armv7l.manylinux2014_armv7l.whl", hash = "sha256:ae3e7504666ad4c62f9ac8eedb52a93f9ebdeb34742b8b71cd3cccd24912719f", size = 11477612, upload-time = "2025-08-07T19:05:16.712Z" },
    { url = "https://files.pythonhosted.org/packages/1a/46/92e8fa3c9dcfd49175225c09053916cb97bb7204f9f899c2f2baca69e450/ruff-0.12.8-py3-none-manylinux_2_17_i686.manylinux2014_i686.whl", hash = "sha256:cb82efb5d35d07497813a1c5647867390a7d83304562607f3579602fa3d7d46f", size = 13182745, upload-time = "2025-08-07T19:05:18.709Z" },
    { url = "https://files.pythonhosted.org/packages/5e/c4/f2176a310f26e6160deaf661ef60db6c3bb62b7a35e57ae28f27a09a7d63/ruff-0.12.8-py3-none-manylinux_2_17_ppc64.manylinux2014_ppc64.whl", hash = "sha256:dbea798fc0065ad0b84a2947b0aff4233f0cb30f226f00a2c5850ca4393de609", size = 14206885, upload-time = "2025-08-07T19:05:21.025Z" },
    { url = "https://files.pythonhosted.org/packages/87/9d/98e162f3eeeb6689acbedbae5050b4b3220754554526c50c292b611d3a63/ruff-0.12.8-py3-none-manylinux_2_17_ppc64le.manylinux2014_ppc64le.whl", hash = "sha256:49ebcaccc2bdad86fd51b7864e3d808aad404aab8df33d469b6e65584656263a", size = 13639381, upload-time = "2025-08-07T19:05:23.423Z" },
    { url = "https://files.pythonhosted.org/packages/81/4e/1b7478b072fcde5161b48f64774d6edd59d6d198e4ba8918d9f4702b8043/ruff-0.12.8-py3-none-manylinux_2_17_s390x.manylinux2014_s390x.whl", hash = "sha256:0ac9c570634b98c71c88cb17badd90f13fc076a472ba6ef1d113d8ed3df109fb", size = 12613271, upload-time = "2025-08-07T19:05:25.507Z" },
    { url = "https://files.pythonhosted.org/packages/e8/67/0c3c9179a3ad19791ef1b8f7138aa27d4578c78700551c60d9260b2c660d/ruff-0.12.8-py3-none-manylinux_2_17_x86_64.manylinux2014_x86_64.whl", hash = "sha256:560e0cd641e45591a3e42cb50ef61ce07162b9c233786663fdce2d8557d99818", size = 12847783, upload-time = "2025-08-07T19:05:28.14Z" },
    { url = "https://files.pythonhosted.org/packages/4e/2a/0b6ac3dd045acf8aa229b12c9c17bb35508191b71a14904baf99573a21bd/ruff-0.12.8-py3-none-musllinux_1_2_aarch64.whl", hash = "sha256:71c83121512e7743fba5a8848c261dcc454cafb3ef2934a43f1b7a4eb5a447ea", size = 11702672, upload-time = "2025-08-07T19:05:30.413Z" },
    { url = "https://files.pythonhosted.org/packages/9d/ee/f9fdc9f341b0430110de8b39a6ee5fa68c5706dc7c0aa940817947d6937e/ruff-0.12.8-py3-none-musllinux_1_2_armv7l.whl", hash = "sha256:de4429ef2ba091ecddedd300f4c3f24bca875d3d8b23340728c3cb0da81072c3", size = 11440626, upload-time = "2025-08-07T19:05:32.492Z" },
    { url = "https://files.pythonhosted.org/packages/89/fb/b3aa2d482d05f44e4d197d1de5e3863feb13067b22c571b9561085c999dc/ruff-0.12.8-py3-none-musllinux_1_2_i686.whl", hash = "sha256:a2cab5f60d5b65b50fba39a8950c8746df1627d54ba1197f970763917184b161", size = 12462162, upload-time = "2025-08-07T19:05:34.449Z" },
    { url = "https://files.pythonhosted.org/packages/18/9f/5c5d93e1d00d854d5013c96e1a92c33b703a0332707a7cdbd0a4880a84fb/ruff-0.12.8-py3-none-musllinux_1_2_x86_64.whl", hash = "sha256:45c32487e14f60b88aad6be9fd5da5093dbefb0e3e1224131cb1d441d7cb7d46", size = 12913212, upload-time = "2025-08-07T19:05:36.541Z" },
    { url = "https://files.pythonhosted.org/packages/71/13/ab9120add1c0e4604c71bfc2e4ef7d63bebece0cfe617013da289539cef8/ruff-0.12.8-py3-none-win32.whl", hash = "sha256:daf3475060a617fd5bc80638aeaf2f5937f10af3ec44464e280a9d2218e720d3", size = 11694382, upload-time = "2025-08-07T19:05:38.468Z" },
    { url = "https://files.pythonhosted.org/packages/f6/dc/a2873b7c5001c62f46266685863bee2888caf469d1edac84bf3242074be2/ruff-0.12.8-py3-none-win_amd64.whl", hash = "sha256:7209531f1a1fcfbe8e46bcd7ab30e2f43604d8ba1c49029bb420b103d0b5f76e", size = 12740482, upload-time = "2025-08-07T19:05:40.391Z" },
    { url = "https://files.pythonhosted.org/packages/cb/5c/799a1efb8b5abab56e8a9f2a0b72d12bd64bb55815e9476c7d0a2887d2f7/ruff-0.12.8-py3-none-win_arm64.whl", hash = "sha256:c90e1a334683ce41b0e7a04f41790c429bf5073b62c1ae701c9dc5b3d14f0749", size = 11884718, upload-time = "2025-08-07T19:05:42.866Z" },
]
